
Microsoft Visual Studio Solution File, Format Version 12.00
# Visual Studio Version 16
VisualStudioVersion = 16.0.30717.126
MinimumVisualStudioVersion = 10.0.40219.1
Project("{9A19103F-16F7-4668-BE54-9A1E7A4F7556}") = "Server", "Server\Server.csproj", "{344AE8D9-D3E5-4E24-8A2A-E7990785A946}"
EndProject
Project("{9A19103F-16F7-4668-BE54-9A1E7A4F7556}") = "Mesh.Data", "Mesh.Data\Mesh.Data.csproj", "{67E489CA-BFEE-4869-8B19-D86463A88950}"
EndProject
Project("{9A19103F-16F7-4668-BE54-9A1E7A4F7556}") = "Client", "Client\Client.csproj", "{E094C84D-116D-4B6F-93F7-AB5C4C54A32F}"
EndProject
Project("{9A19103F-16F7-4668-BE54-9A1E7A4F7556}") = "Machine.Data", "Machine.Data\Machine.Data.csproj", "{E082E171-B2E0-4A3E-B586-7B86690C89AC}"
EndProject
Project("{9A19103F-16F7-4668-BE54-9A1E7A4F7556}") = "Client.Machine", "Client.Machine\Client.Machine.csproj", "{ADACABD1-B97E-49CB-A727-6A33CD49F71D}"
EndProject
Project("{9A19103F-16F7-4668-BE54-9A1E7A4F7556}") = "Machine.Data.Converters", "Machine.Data.Converters\Machine.Data.Converters.csproj", "{CF30B7A5-ECBC-4B19-8751-68E1227B6F34}"
EndProject
Project("{9A19103F-16F7-4668-BE54-9A1E7A4F7556}") = "Machine.Data.Enums", "Machine.Data.Enums\Machine.Data.Enums.csproj", "{CE85FFDF-80D2-4814-8EBB-DC06EE957A29}"
EndProject
Project("{9A19103F-16F7-4668-BE54-9A1E7A4F7556}") = "Machine.ViewModels", "Machine.ViewModels\Machine.ViewModels.csproj", "{6161C412-2F74-41CF-BC63-2055459D7999}"
EndProject
Project("{9A19103F-16F7-4668-BE54-9A1E7A4F7556}") = "Machine.Viewer", "Machine.Viewer\Machine.Viewer.csproj", "{56203286-5007-4358-8B2E-8D577A84A05A}"
EndProject
Project("{9A19103F-16F7-4668-BE54-9A1E7A4F7556}") = "Machine.Views", "Machine.Views\Machine.Views.csproj", "{8E420597-8170-4055-A7DF-66502DB854AB}"
EndProject
Project("{9A19103F-16F7-4668-BE54-9A1E7A4F7556}") = "Machine.3D.Views", "Machine.3D.Views\Machine.3D.Views.csproj", "{86824348-04A2-4726-A2D4-BF3E1278C20A}"
EndProject
Project("{9A19103F-16F7-4668-BE54-9A1E7A4F7556}") = "Client.Tools", "Client.Tools\Client.Tools.csproj", "{D5F31C7B-584B-4EE8-998D-BB139B3AC18D}"
EndProject
Project("{9A19103F-16F7-4668-BE54-9A1E7A4F7556}") = "Client.Tooling", "Client.Tooling\Client.Tooling.csproj", "{9605D54A-06EE-468A-B19F-57EEF3C18661}"
EndProject
Project("{9A19103F-16F7-4668-BE54-9A1E7A4F7556}") = "Machine.DataSource.File.Json", "Machine.DataSource.File.Json\Machine.DataSource.File.Json.csproj", "{434176EF-5B27-4B55-B4D5-AF06214A0D0B}"
EndProject
Project("{9A19103F-16F7-4668-BE54-9A1E7A4F7556}") = "Machine.DataSource.Client.Rest", "Machine.DataSource.Client.Rest\Machine.DataSource.Client.Rest.csproj", "{F196710D-A812-4565-A242-7B4DF3A9DFAF}"
EndProject
Project("{9A19103F-16F7-4668-BE54-9A1E7A4F7556}") = "Machine.3D.Geometry.Provider", "Machine.3D.Geometry.Provider\Machine.3D.Geometry.Provider.csproj", "{2151000F-3AB9-436E-AEB7-50AAE32AFA8B}"
EndProject
Project("{9A19103F-16F7-4668-BE54-9A1E7A4F7556}") = "Machine.ViewModels.Base", "Machine.ViewModels.Base\Machine.ViewModels.Base.csproj", "{94BDA861-D742-43F4-AD4A-3166128C8CBC}"
EndProject
Project("{9A19103F-16F7-4668-BE54-9A1E7A4F7556}") = "Machine.ViewModels.Ioc", "Machine.ViewModels.Ioc\Machine.ViewModels.Ioc.csproj", "{B46EF964-1F47-42DF-AC3A-E6AC1A25F4C5}"
EndProject
Project("{9A19103F-16F7-4668-BE54-9A1E7A4F7556}") = "Machine.ViewModels.UI", "Machine.ViewModels.UI\Machine.ViewModels.UI.csproj", "{A8FC6847-C010-40AE-9A27-F37429771324}"
EndProject
Project("{9A19103F-16F7-4668-BE54-9A1E7A4F7556}") = "Machine.Steps.ViewModels", "Machine.Steps.ViewModels\Machine.Steps.ViewModels.csproj", "{5BE35F5E-F07F-4B86-99A5-1861418D3CD2}"
EndProject
Project("{9A19103F-16F7-4668-BE54-9A1E7A4F7556}") = "Machine.StepsSource.File.Msteps", "Machine.StepsSource.File.Msteps\Machine.StepsSource.File.Msteps.csproj", "{C1114F11-1DFE-4D07-B7DB-31DD39E75BAA}"
EndProject
Project("{9A19103F-16F7-4668-BE54-9A1E7A4F7556}") = "Machine.ViewModels.Messages", "Machine.ViewModels.Messages\Machine.ViewModels.Messages.csproj", "{29691055-686F-4B89-BFFF-7726597DBAC6}"
EndProject
Project("{9A19103F-16F7-4668-BE54-9A1E7A4F7556}") = "Machine.ViewModels.Interfaces", "Machine.ViewModels.Interfaces\Machine.ViewModels.Interfaces.csproj", "{D12EE5AD-7FBB-42E0-9E03-E52E01B826F6}"
EndProject
Project("{9A19103F-16F7-4668-BE54-9A1E7A4F7556}") = "Machine.Steps.ViewModels.Extensions", "Machine.Steps.ViewModels.Extensions\Machine.Steps.ViewModels.Extensions.csproj", "{6988B918-5E02-45FF-9C6E-E377DA6B0974}"
EndProject
Project("{9A19103F-16F7-4668-BE54-9A1E7A4F7556}") = "Machine.Steps.ViewModels.Interfaces", "Machine.Steps.ViewModels.Interfaces\Machine.Steps.ViewModels.Interfaces.csproj", "{374DF455-AA77-4715-9C17-12E9126981A8}"
EndProject
Project("{9A19103F-16F7-4668-BE54-9A1E7A4F7556}") = "Machine.Data.Base", "Machine.Data.Base\Machine.Data.Base.csproj", "{DC35CDC1-01A3-4B5D-A041-787ECC1FCDCB}"
EndProject
Project("{9A19103F-16F7-4668-BE54-9A1E7A4F7556}") = "Machine.Data.Extensions.ViewModels", "Machine.Data.Extensions.ViewModels\Machine.Data.Extensions.ViewModels.csproj", "{186B1947-3AC7-47FD-80F5-40F0B646FC5B}"
EndProject
Project("{9A19103F-16F7-4668-BE54-9A1E7A4F7556}") = "Machine.Data.Interfaces", "Machine.Data.Interfaces\Machine.Data.Interfaces.csproj", "{DB0CFADC-1FE1-464B-9663-3B6BE81F742D}"
EndProject
Project("{9A19103F-16F7-4668-BE54-9A1E7A4F7556}") = "MaterialRemove.Test", "MaterialRemove.Test\MaterialRemove.Test.csproj", "{05F56795-5EF5-4511-98E0-92628D1E353E}"
EndProject
Project("{9A19103F-16F7-4668-BE54-9A1E7A4F7556}") = "MaterialRemove.ViewModels.3D", "MaterialRemove.ViewModels.3D\MaterialRemove.ViewModels.3D.csproj", "{FCEC5650-FD95-47A7-8D5F-656F49827368}"
EndProject
Project("{9A19103F-16F7-4668-BE54-9A1E7A4F7556}") = "MaterialRemove.Interfaces", "MaterialRemove.Interfaces\MaterialRemove.Interfaces.csproj", "{CD2F5131-90EA-46D7-96C5-C0FD33637065}"
EndProject
Project("{9A19103F-16F7-4668-BE54-9A1E7A4F7556}") = "MaterialRemove.ViewModels", "MaterialRemove.ViewModels\MaterialRemove.ViewModels.csproj", "{E7A8F2FD-72C9-4A88-BAC0-15CF98EECEEF}"
EndProject
Project("{9A19103F-16F7-4668-BE54-9A1E7A4F7556}") = "MaterialRemove.Machine.Bridge", "MaterialRemove.Machine.Bridge\MaterialRemove.Machine.Bridge.csproj", "{4E939886-24FD-4E20-8DD4-75F6367FB4BD}"
EndProject
Project("{9A19103F-16F7-4668-BE54-9A1E7A4F7556}") = "Machine.Views.Converters", "Machine.Views.Converters\Machine.Views.Converters.csproj", "{CA89CC2F-9841-4383-B28F-DBB0A08430C9}"
EndProject
Project("{9A19103F-16F7-4668-BE54-9A1E7A4F7556}") = "Machine.StepsSource.File.Iso", "Machine.StepsSource.File.Iso\Machine.StepsSource.File.Iso.csproj", "{7E92891E-AFC9-4B22-805F-CE8194BFC3AD}"
EndProject
Project("{9A19103F-16F7-4668-BE54-9A1E7A4F7556}") = "Machine.ViewModels.Messaging", "Machine.ViewModels.Messaging\Machine.ViewModels.Messaging.csproj", "{08792AF5-988E-457C-946F-D299A4009D84}"
EndProject
Project("{FAE04EC0-301F-11D3-BF4B-00C04F79EFBC}") = "Machine.Editor", "Machine.Editor\Machine.Editor.csproj", "{42023140-EB5F-4CD9-A8FA-E2661BC6C76C}"
EndProject
Global
	GlobalSection(SolutionConfigurationPlatforms) = preSolution
		Debug|Any CPU = Debug|Any CPU
		Release|Any CPU = Release|Any CPU
	EndGlobalSection
	GlobalSection(ProjectConfigurationPlatforms) = postSolution
		{344AE8D9-D3E5-4E24-8A2A-E7990785A946}.Debug|Any CPU.ActiveCfg = Debug|Any CPU
		{344AE8D9-D3E5-4E24-8A2A-E7990785A946}.Debug|Any CPU.Build.0 = Debug|Any CPU
		{344AE8D9-D3E5-4E24-8A2A-E7990785A946}.Release|Any CPU.ActiveCfg = Release|Any CPU
		{344AE8D9-D3E5-4E24-8A2A-E7990785A946}.Release|Any CPU.Build.0 = Release|Any CPU
		{67E489CA-BFEE-4869-8B19-D86463A88950}.Debug|Any CPU.ActiveCfg = Debug|Any CPU
		{67E489CA-BFEE-4869-8B19-D86463A88950}.Debug|Any CPU.Build.0 = Debug|Any CPU
		{67E489CA-BFEE-4869-8B19-D86463A88950}.Release|Any CPU.ActiveCfg = Release|Any CPU
		{67E489CA-BFEE-4869-8B19-D86463A88950}.Release|Any CPU.Build.0 = Release|Any CPU
		{E094C84D-116D-4B6F-93F7-AB5C4C54A32F}.Debug|Any CPU.ActiveCfg = Debug|Any CPU
		{E094C84D-116D-4B6F-93F7-AB5C4C54A32F}.Debug|Any CPU.Build.0 = Debug|Any CPU
		{E094C84D-116D-4B6F-93F7-AB5C4C54A32F}.Release|Any CPU.ActiveCfg = Release|Any CPU
		{E094C84D-116D-4B6F-93F7-AB5C4C54A32F}.Release|Any CPU.Build.0 = Release|Any CPU
		{E082E171-B2E0-4A3E-B586-7B86690C89AC}.Debug|Any CPU.ActiveCfg = Debug|Any CPU
		{E082E171-B2E0-4A3E-B586-7B86690C89AC}.Debug|Any CPU.Build.0 = Debug|Any CPU
		{E082E171-B2E0-4A3E-B586-7B86690C89AC}.Release|Any CPU.ActiveCfg = Release|Any CPU
		{E082E171-B2E0-4A3E-B586-7B86690C89AC}.Release|Any CPU.Build.0 = Release|Any CPU
		{ADACABD1-B97E-49CB-A727-6A33CD49F71D}.Debug|Any CPU.ActiveCfg = Debug|Any CPU
		{ADACABD1-B97E-49CB-A727-6A33CD49F71D}.Debug|Any CPU.Build.0 = Debug|Any CPU
		{ADACABD1-B97E-49CB-A727-6A33CD49F71D}.Release|Any CPU.ActiveCfg = Release|Any CPU
		{ADACABD1-B97E-49CB-A727-6A33CD49F71D}.Release|Any CPU.Build.0 = Release|Any CPU
		{CF30B7A5-ECBC-4B19-8751-68E1227B6F34}.Debug|Any CPU.ActiveCfg = Debug|Any CPU
		{CF30B7A5-ECBC-4B19-8751-68E1227B6F34}.Debug|Any CPU.Build.0 = Debug|Any CPU
		{CF30B7A5-ECBC-4B19-8751-68E1227B6F34}.Release|Any CPU.ActiveCfg = Release|Any CPU
		{CF30B7A5-ECBC-4B19-8751-68E1227B6F34}.Release|Any CPU.Build.0 = Release|Any CPU
		{CE85FFDF-80D2-4814-8EBB-DC06EE957A29}.Debug|Any CPU.ActiveCfg = Debug|Any CPU
		{CE85FFDF-80D2-4814-8EBB-DC06EE957A29}.Debug|Any CPU.Build.0 = Debug|Any CPU
		{CE85FFDF-80D2-4814-8EBB-DC06EE957A29}.Release|Any CPU.ActiveCfg = Release|Any CPU
		{CE85FFDF-80D2-4814-8EBB-DC06EE957A29}.Release|Any CPU.Build.0 = Release|Any CPU
		{6161C412-2F74-41CF-BC63-2055459D7999}.Debug|Any CPU.ActiveCfg = Debug|Any CPU
		{6161C412-2F74-41CF-BC63-2055459D7999}.Debug|Any CPU.Build.0 = Debug|Any CPU
		{6161C412-2F74-41CF-BC63-2055459D7999}.Release|Any CPU.ActiveCfg = Release|Any CPU
		{6161C412-2F74-41CF-BC63-2055459D7999}.Release|Any CPU.Build.0 = Release|Any CPU
		{56203286-5007-4358-8B2E-8D577A84A05A}.Debug|Any CPU.ActiveCfg = Debug|Any CPU
		{56203286-5007-4358-8B2E-8D577A84A05A}.Debug|Any CPU.Build.0 = Debug|Any CPU
		{56203286-5007-4358-8B2E-8D577A84A05A}.Release|Any CPU.ActiveCfg = Release|Any CPU
		{56203286-5007-4358-8B2E-8D577A84A05A}.Release|Any CPU.Build.0 = Release|Any CPU
		{8E420597-8170-4055-A7DF-66502DB854AB}.Debug|Any CPU.ActiveCfg = Debug|Any CPU
		{8E420597-8170-4055-A7DF-66502DB854AB}.Debug|Any CPU.Build.0 = Debug|Any CPU
		{8E420597-8170-4055-A7DF-66502DB854AB}.Release|Any CPU.ActiveCfg = Release|Any CPU
		{8E420597-8170-4055-A7DF-66502DB854AB}.Release|Any CPU.Build.0 = Release|Any CPU
		{86824348-04A2-4726-A2D4-BF3E1278C20A}.Debug|Any CPU.ActiveCfg = Debug|Any CPU
		{86824348-04A2-4726-A2D4-BF3E1278C20A}.Debug|Any CPU.Build.0 = Debug|Any CPU
		{86824348-04A2-4726-A2D4-BF3E1278C20A}.Release|Any CPU.ActiveCfg = Release|Any CPU
		{86824348-04A2-4726-A2D4-BF3E1278C20A}.Release|Any CPU.Build.0 = Release|Any CPU
		{D5F31C7B-584B-4EE8-998D-BB139B3AC18D}.Debug|Any CPU.ActiveCfg = Debug|Any CPU
		{D5F31C7B-584B-4EE8-998D-BB139B3AC18D}.Debug|Any CPU.Build.0 = Debug|Any CPU
		{D5F31C7B-584B-4EE8-998D-BB139B3AC18D}.Release|Any CPU.ActiveCfg = Release|Any CPU
		{D5F31C7B-584B-4EE8-998D-BB139B3AC18D}.Release|Any CPU.Build.0 = Release|Any CPU
		{9605D54A-06EE-468A-B19F-57EEF3C18661}.Debug|Any CPU.ActiveCfg = Debug|Any CPU
		{9605D54A-06EE-468A-B19F-57EEF3C18661}.Debug|Any CPU.Build.0 = Debug|Any CPU
		{9605D54A-06EE-468A-B19F-57EEF3C18661}.Release|Any CPU.ActiveCfg = Release|Any CPU
		{9605D54A-06EE-468A-B19F-57EEF3C18661}.Release|Any CPU.Build.0 = Release|Any CPU
		{434176EF-5B27-4B55-B4D5-AF06214A0D0B}.Debug|Any CPU.ActiveCfg = Debug|Any CPU
		{434176EF-5B27-4B55-B4D5-AF06214A0D0B}.Debug|Any CPU.Build.0 = Debug|Any CPU
		{434176EF-5B27-4B55-B4D5-AF06214A0D0B}.Release|Any CPU.ActiveCfg = Release|Any CPU
		{434176EF-5B27-4B55-B4D5-AF06214A0D0B}.Release|Any CPU.Build.0 = Release|Any CPU
		{F196710D-A812-4565-A242-7B4DF3A9DFAF}.Debug|Any CPU.ActiveCfg = Debug|Any CPU
		{F196710D-A812-4565-A242-7B4DF3A9DFAF}.Debug|Any CPU.Build.0 = Debug|Any CPU
		{F196710D-A812-4565-A242-7B4DF3A9DFAF}.Release|Any CPU.ActiveCfg = Release|Any CPU
		{F196710D-A812-4565-A242-7B4DF3A9DFAF}.Release|Any CPU.Build.0 = Release|Any CPU
		{2151000F-3AB9-436E-AEB7-50AAE32AFA8B}.Debug|Any CPU.ActiveCfg = Debug|Any CPU
		{2151000F-3AB9-436E-AEB7-50AAE32AFA8B}.Debug|Any CPU.Build.0 = Debug|Any CPU
		{2151000F-3AB9-436E-AEB7-50AAE32AFA8B}.Release|Any CPU.ActiveCfg = Release|Any CPU
		{2151000F-3AB9-436E-AEB7-50AAE32AFA8B}.Release|Any CPU.Build.0 = Release|Any CPU
		{94BDA861-D742-43F4-AD4A-3166128C8CBC}.Debug|Any CPU.ActiveCfg = Debug|Any CPU
		{94BDA861-D742-43F4-AD4A-3166128C8CBC}.Debug|Any CPU.Build.0 = Debug|Any CPU
		{94BDA861-D742-43F4-AD4A-3166128C8CBC}.Release|Any CPU.ActiveCfg = Release|Any CPU
		{94BDA861-D742-43F4-AD4A-3166128C8CBC}.Release|Any CPU.Build.0 = Release|Any CPU
		{B46EF964-1F47-42DF-AC3A-E6AC1A25F4C5}.Debug|Any CPU.ActiveCfg = Debug|Any CPU
		{B46EF964-1F47-42DF-AC3A-E6AC1A25F4C5}.Debug|Any CPU.Build.0 = Debug|Any CPU
		{B46EF964-1F47-42DF-AC3A-E6AC1A25F4C5}.Release|Any CPU.ActiveCfg = Release|Any CPU
		{B46EF964-1F47-42DF-AC3A-E6AC1A25F4C5}.Release|Any CPU.Build.0 = Release|Any CPU
		{A8FC6847-C010-40AE-9A27-F37429771324}.Debug|Any CPU.ActiveCfg = Debug|Any CPU
		{A8FC6847-C010-40AE-9A27-F37429771324}.Debug|Any CPU.Build.0 = Debug|Any CPU
		{A8FC6847-C010-40AE-9A27-F37429771324}.Release|Any CPU.ActiveCfg = Release|Any CPU
		{A8FC6847-C010-40AE-9A27-F37429771324}.Release|Any CPU.Build.0 = Release|Any CPU
		{5BE35F5E-F07F-4B86-99A5-1861418D3CD2}.Debug|Any CPU.ActiveCfg = Debug|Any CPU
		{5BE35F5E-F07F-4B86-99A5-1861418D3CD2}.Debug|Any CPU.Build.0 = Debug|Any CPU
		{5BE35F5E-F07F-4B86-99A5-1861418D3CD2}.Release|Any CPU.ActiveCfg = Release|Any CPU
		{5BE35F5E-F07F-4B86-99A5-1861418D3CD2}.Release|Any CPU.Build.0 = Release|Any CPU
		{C1114F11-1DFE-4D07-B7DB-31DD39E75BAA}.Debug|Any CPU.ActiveCfg = Debug|Any CPU
		{C1114F11-1DFE-4D07-B7DB-31DD39E75BAA}.Debug|Any CPU.Build.0 = Debug|Any CPU
		{C1114F11-1DFE-4D07-B7DB-31DD39E75BAA}.Release|Any CPU.ActiveCfg = Release|Any CPU
		{C1114F11-1DFE-4D07-B7DB-31DD39E75BAA}.Release|Any CPU.Build.0 = Release|Any CPU
		{29691055-686F-4B89-BFFF-7726597DBAC6}.Debug|Any CPU.ActiveCfg = Debug|Any CPU
		{29691055-686F-4B89-BFFF-7726597DBAC6}.Debug|Any CPU.Build.0 = Debug|Any CPU
		{29691055-686F-4B89-BFFF-7726597DBAC6}.Release|Any CPU.ActiveCfg = Release|Any CPU
		{29691055-686F-4B89-BFFF-7726597DBAC6}.Release|Any CPU.Build.0 = Release|Any CPU
		{D12EE5AD-7FBB-42E0-9E03-E52E01B826F6}.Debug|Any CPU.ActiveCfg = Debug|Any CPU
		{D12EE5AD-7FBB-42E0-9E03-E52E01B826F6}.Debug|Any CPU.Build.0 = Debug|Any CPU
		{D12EE5AD-7FBB-42E0-9E03-E52E01B826F6}.Release|Any CPU.ActiveCfg = Release|Any CPU
		{D12EE5AD-7FBB-42E0-9E03-E52E01B826F6}.Release|Any CPU.Build.0 = Release|Any CPU
		{6988B918-5E02-45FF-9C6E-E377DA6B0974}.Debug|Any CPU.ActiveCfg = Debug|Any CPU
		{6988B918-5E02-45FF-9C6E-E377DA6B0974}.Debug|Any CPU.Build.0 = Debug|Any CPU
		{6988B918-5E02-45FF-9C6E-E377DA6B0974}.Release|Any CPU.ActiveCfg = Release|Any CPU
		{6988B918-5E02-45FF-9C6E-E377DA6B0974}.Release|Any CPU.Build.0 = Release|Any CPU
		{374DF455-AA77-4715-9C17-12E9126981A8}.Debug|Any CPU.ActiveCfg = Debug|Any CPU
		{374DF455-AA77-4715-9C17-12E9126981A8}.Debug|Any CPU.Build.0 = Debug|Any CPU
		{374DF455-AA77-4715-9C17-12E9126981A8}.Release|Any CPU.ActiveCfg = Release|Any CPU
		{374DF455-AA77-4715-9C17-12E9126981A8}.Release|Any CPU.Build.0 = Release|Any CPU
		{DC35CDC1-01A3-4B5D-A041-787ECC1FCDCB}.Debug|Any CPU.ActiveCfg = Debug|Any CPU
		{DC35CDC1-01A3-4B5D-A041-787ECC1FCDCB}.Debug|Any CPU.Build.0 = Debug|Any CPU
		{DC35CDC1-01A3-4B5D-A041-787ECC1FCDCB}.Release|Any CPU.ActiveCfg = Release|Any CPU
		{DC35CDC1-01A3-4B5D-A041-787ECC1FCDCB}.Release|Any CPU.Build.0 = Release|Any CPU
		{186B1947-3AC7-47FD-80F5-40F0B646FC5B}.Debug|Any CPU.ActiveCfg = Debug|Any CPU
		{186B1947-3AC7-47FD-80F5-40F0B646FC5B}.Debug|Any CPU.Build.0 = Debug|Any CPU
		{186B1947-3AC7-47FD-80F5-40F0B646FC5B}.Release|Any CPU.ActiveCfg = Release|Any CPU
		{186B1947-3AC7-47FD-80F5-40F0B646FC5B}.Release|Any CPU.Build.0 = Release|Any CPU
		{DB0CFADC-1FE1-464B-9663-3B6BE81F742D}.Debug|Any CPU.ActiveCfg = Debug|Any CPU
		{DB0CFADC-1FE1-464B-9663-3B6BE81F742D}.Debug|Any CPU.Build.0 = Debug|Any CPU
		{DB0CFADC-1FE1-464B-9663-3B6BE81F742D}.Release|Any CPU.ActiveCfg = Release|Any CPU
		{DB0CFADC-1FE1-464B-9663-3B6BE81F742D}.Release|Any CPU.Build.0 = Release|Any CPU
		{05F56795-5EF5-4511-98E0-92628D1E353E}.Debug|Any CPU.ActiveCfg = Debug|Any CPU
		{05F56795-5EF5-4511-98E0-92628D1E353E}.Debug|Any CPU.Build.0 = Debug|Any CPU
		{05F56795-5EF5-4511-98E0-92628D1E353E}.Release|Any CPU.ActiveCfg = Release|Any CPU
		{05F56795-5EF5-4511-98E0-92628D1E353E}.Release|Any CPU.Build.0 = Release|Any CPU
		{FCEC5650-FD95-47A7-8D5F-656F49827368}.Debug|Any CPU.ActiveCfg = Debug|Any CPU
		{FCEC5650-FD95-47A7-8D5F-656F49827368}.Debug|Any CPU.Build.0 = Debug|Any CPU
		{FCEC5650-FD95-47A7-8D5F-656F49827368}.Release|Any CPU.ActiveCfg = Release|Any CPU
		{FCEC5650-FD95-47A7-8D5F-656F49827368}.Release|Any CPU.Build.0 = Release|Any CPU
		{CD2F5131-90EA-46D7-96C5-C0FD33637065}.Debug|Any CPU.ActiveCfg = Debug|Any CPU
		{CD2F5131-90EA-46D7-96C5-C0FD33637065}.Debug|Any CPU.Build.0 = Debug|Any CPU
		{CD2F5131-90EA-46D7-96C5-C0FD33637065}.Release|Any CPU.ActiveCfg = Release|Any CPU
		{CD2F5131-90EA-46D7-96C5-C0FD33637065}.Release|Any CPU.Build.0 = Release|Any CPU
		{E7A8F2FD-72C9-4A88-BAC0-15CF98EECEEF}.Debug|Any CPU.ActiveCfg = Debug|Any CPU
		{E7A8F2FD-72C9-4A88-BAC0-15CF98EECEEF}.Debug|Any CPU.Build.0 = Debug|Any CPU
		{E7A8F2FD-72C9-4A88-BAC0-15CF98EECEEF}.Release|Any CPU.ActiveCfg = Release|Any CPU
		{E7A8F2FD-72C9-4A88-BAC0-15CF98EECEEF}.Release|Any CPU.Build.0 = Release|Any CPU
		{4E939886-24FD-4E20-8DD4-75F6367FB4BD}.Debug|Any CPU.ActiveCfg = Debug|Any CPU
		{4E939886-24FD-4E20-8DD4-75F6367FB4BD}.Debug|Any CPU.Build.0 = Debug|Any CPU
		{4E939886-24FD-4E20-8DD4-75F6367FB4BD}.Release|Any CPU.ActiveCfg = Release|Any CPU
		{4E939886-24FD-4E20-8DD4-75F6367FB4BD}.Release|Any CPU.Build.0 = Release|Any CPU
		{CA89CC2F-9841-4383-B28F-DBB0A08430C9}.Debug|Any CPU.ActiveCfg = Debug|Any CPU
		{CA89CC2F-9841-4383-B28F-DBB0A08430C9}.Debug|Any CPU.Build.0 = Debug|Any CPU
		{CA89CC2F-9841-4383-B28F-DBB0A08430C9}.Release|Any CPU.ActiveCfg = Release|Any CPU
		{CA89CC2F-9841-4383-B28F-DBB0A08430C9}.Release|Any CPU.Build.0 = Release|Any CPU
		{7E92891E-AFC9-4B22-805F-CE8194BFC3AD}.Debug|Any CPU.ActiveCfg = Debug|Any CPU
		{7E92891E-AFC9-4B22-805F-CE8194BFC3AD}.Debug|Any CPU.Build.0 = Debug|Any CPU
		{7E92891E-AFC9-4B22-805F-CE8194BFC3AD}.Release|Any CPU.ActiveCfg = Release|Any CPU
		{7E92891E-AFC9-4B22-805F-CE8194BFC3AD}.Release|Any CPU.Build.0 = Release|Any CPU
		{08792AF5-988E-457C-946F-D299A4009D84}.Debug|Any CPU.ActiveCfg = Debug|Any CPU
		{08792AF5-988E-457C-946F-D299A4009D84}.Debug|Any CPU.Build.0 = Debug|Any CPU
		{08792AF5-988E-457C-946F-D299A4009D84}.Release|Any CPU.ActiveCfg = Release|Any CPU
		{08792AF5-988E-457C-946F-D299A4009D84}.Release|Any CPU.Build.0 = Release|Any CPU
		{42023140-EB5F-4CD9-A8FA-E2661BC6C76C}.Debug|Any CPU.ActiveCfg = Debug|Any CPU
		{42023140-EB5F-4CD9-A8FA-E2661BC6C76C}.Debug|Any CPU.Build.0 = Debug|Any CPU
		{42023140-EB5F-4CD9-A8FA-E2661BC6C76C}.Release|Any CPU.ActiveCfg = Release|Any CPU
		{42023140-EB5F-4CD9-A8FA-E2661BC6C76C}.Release|Any CPU.Build.0 = Release|Any CPU
	EndGlobalSection
	GlobalSection(SolutionProperties) = preSolution
		HideSolutionNode = FALSE
	EndGlobalSection
	GlobalSection(ExtensibilityGlobals) = postSolution
		SolutionGuid = {836DAE2F-AB15-4C3F-85C3-5E80DE108ED9}
	EndGlobalSection
EndGlobal
